
Microsoft Visual Studio Solution File, Format Version 12.00
# Visual Studio Version 16
VisualStudioVersion = 16.0.29728.190
MinimumVisualStudioVersion = 10.0.40219.1
Project("{FAE04EC0-301F-11D3-BF4B-00C04F79EFBC}") = "Practical365AzureBatch", "Practical365AzureBatch.csproj", "{3744297D-2CBC-4E5C-B606-42DD0050C00F}"
EndProject
Project("{FAE04EC0-301F-11D3-BF4B-00C04F79EFBC}") = "CreatePdf", "CreatePdf\CreatePdf.csproj", "{558E3B04-AA52-4975-B01B-A0D02FC5A063}"
EndProject
Global
	GlobalSection(SolutionConfigurationPlatforms) = preSolution
		Debug|Any CPU = Debug|Any CPU
		Release|Any CPU = Release|Any CPU
	EndGlobalSection
	GlobalSection(ProjectConfigurationPlatforms) = postSolution
		{3744297D-2CBC-4E5C-B606-42DD0050C00F}.Debug|Any CPU.ActiveCfg = Debug|Any CPU
		{3744297D-2CBC-4E5C-B606-42DD0050C00F}.Debug|Any CPU.Build.0 = Debug|Any CPU
		{3744297D-2CBC-4E5C-B606-42DD0050C00F}.Release|Any CPU.ActiveCfg = Release|Any CPU
		{3744297D-2CBC-4E5C-B606-42DD0050C00F}.Release|Any CPU.Build.0 = Release|Any CPU
		{558E3B04-AA52-4975-B01B-A0D02FC5A063}.Debug|Any CPU.ActiveCfg = Debug|Any CPU
		{558E3B04-AA52-4975-B01B-A0D02FC5A063}.Debug|Any CPU.Build.0 = Debug|Any CPU
		{558E3B04-AA52-4975-B01B-A0D02FC5A063}.Release|Any CPU.ActiveCfg = Release|Any CPU
		{558E3B04-AA52-4975-B01B-A0D02FC5A063}.Release|Any CPU.Build.0 = Release|Any CPU
	EndGlobalSection
	GlobalSection(SolutionProperties) = preSolution
		HideSolutionNode = FALSE
	EndGlobalSection
	GlobalSection(ExtensibilityGlobals) = postSolution
		SolutionGuid = {4D53A541-66AD-4DAF-A536-BBCDB3A5A735}
	EndGlobalSection
EndGlobal
